PODS:
  - xDefine (1.0.4)
  - xExtension (1.1.2):
    - xDefine
  - xProgressHUD (1.0.2):
    - xDefine
    - xExtension

DEPENDENCIES:
  - xProgressHUD (from `../`)

SPEC REPOS:
  https://github.com/kaibuleite/xSpecs.git:
    - xDefine
    - xExtension

EXTERNAL SOURCES:
  xProgressHUD:
    :path: "../"

SPEC CHECKSUMS:
  xDefine: ca6c6eef825544db8b43409e66dbff05eca7ac58
  xExtension: c0850b5b3c3103c3e57a5be8acdd402daaf02c16
  xProgressHUD: ba347b238073e4972ad6a8944480ed251d81c808

PODFILE CHECKSUM: 0b58b3d3bb9baa0fe7e5c4a73e6dab78255ee58d

COCOAPODS: 1.9.1
