PODS:
  - xDefine (1.0.7)
  - xExtension (1.1.8):
    - xDefine
  - xProgressHUD (1.0.4):
    - xDefine
    - xExtension

DEPENDENCIES:
  - xProgressHUD (from `../`)

SPEC REPOS:
  https://github.com/kaibuleite/xSpecs.git:
    - xDefine
    - xExtension

EXTERNAL SOURCES:
  xProgressHUD:
    :path: "../"

SPEC CHECKSUMS:
  xDefine: e9216a8c29a4a5abce78630e311449182c79a7f3
  xExtension: 410b32f4a0377e4962082c7d1315b4b77454f7aa
  xProgressHUD: e94bbd83de78b3ffeef062048f4f14ad94b502ba

PODFILE CHECKSUM: b8b8d7a548e3a8a1b216dadbeaafdbc6d037ea8a

COCOAPODS: 1.15.2
